
Microsoft Visual Studio Solution File, Format Version 12.00
# Visual Studio 15
VisualStudioVersion = 15.0.27428.2002
MinimumVisualStudioVersion = 10.0.40219.1
Project("{9A19103F-16F7-4668-BE54-9A1E7A4F7556}") = "DevOpsProject", "DevOpsProject\DevOpsProject.csproj", "{A1E17A75-B6F2-4AAA-9CE1-C3EC1089FAB0}"
EndProject
Project("{9A19103F-16F7-4668-BE54-9A1E7A4F7556}") = "WebApi", "WebApi\WebApi.csproj", "{93AEEA75-7B4C-4BFD-BB18-2F1DA21A9D49}"
EndProject
Project("{E53339B2-1760-4266-BCC7-CA923CBCF16C}") = "docker-compose", "docker-compose.dcproj", "{DD60EA30-255C-453C-9F4D-94C60EABAC7B}"
EndProject
Project("{FAE04EC0-301F-11D3-BF4B-00C04F79EFBC}") = "DevOpsProject.UnitTests", "DevOpsProject.UnitTests\DevOpsProject.UnitTests.csproj", "{ADEF1CC0-2657-43FB-9205-A69FFF8B60B0}"
EndProject
Global
	GlobalSection(SolutionConfigurationPlatforms) = preSolution
		Debug|Any CPU = Debug|Any CPU
		Release|Any CPU = Release|Any CPU
	EndGlobalSection
	GlobalSection(ProjectConfigurationPlatforms) = postSolution
		{A1E17A75-B6F2-4AAA-9CE1-C3EC1089FAB0}.Debug|Any CPU.ActiveCfg = Debug|Any CPU
		{A1E17A75-B6F2-4AAA-9CE1-C3EC1089FAB0}.Debug|Any CPU.Build.0 = Debug|Any CPU
		{A1E17A75-B6F2-4AAA-9CE1-C3EC1089FAB0}.Release|Any CPU.ActiveCfg = Release|Any CPU
		{A1E17A75-B6F2-4AAA-9CE1-C3EC1089FAB0}.Release|Any CPU.Build.0 = Release|Any CPU
		{93AEEA75-7B4C-4BFD-BB18-2F1DA21A9D49}.Debug|Any CPU.ActiveCfg = Debug|Any CPU
		{93AEEA75-7B4C-4BFD-BB18-2F1DA21A9D49}.Debug|Any CPU.Build.0 = Debug|Any CPU
		{93AEEA75-7B4C-4BFD-BB18-2F1DA21A9D49}.Release|Any CPU.ActiveCfg = Release|Any CPU
		{93AEEA75-7B4C-4BFD-BB18-2F1DA21A9D49}.Release|Any CPU.Build.0 = Release|Any CPU
		{DD60EA30-255C-453C-9F4D-94C60EABAC7B}.Debug|Any CPU.ActiveCfg = Debug|Any CPU
		{DD60EA30-255C-453C-9F4D-94C60EABAC7B}.Debug|Any CPU.Build.0 = Debug|Any CPU
		{DD60EA30-255C-453C-9F4D-94C60EABAC7B}.Release|Any CPU.ActiveCfg = Release|Any CPU
		{DD60EA30-255C-453C-9F4D-94C60EABAC7B}.Release|Any CPU.Build.0 = Release|Any CPU
		{ADEF1CC0-2657-43FB-9205-A69FFF8B60B0}.Debug|Any CPU.ActiveCfg = Debug|Any CPU
		{ADEF1CC0-2657-43FB-9205-A69FFF8B60B0}.Debug|Any CPU.Build.0 = Debug|Any CPU
		{ADEF1CC0-2657-43FB-9205-A69FFF8B60B0}.Release|Any CPU.ActiveCfg = Release|Any CPU
		{ADEF1CC0-2657-43FB-9205-A69FFF8B60B0}.Release|Any CPU.Build.0 = Release|Any CPU
	EndGlobalSection
	GlobalSection(SolutionProperties) = preSolution
		HideSolutionNode = FALSE
	EndGlobalSection
	GlobalSection(ExtensibilityGlobals) = postSolution
		SolutionGuid = {D4F68AB2-5485-4C0E-8E68-DD23841B99B3}
	EndGlobalSection
EndGlobal
