
Microsoft Visual Studio Solution File, Format Version 12.00
# Visual Studio 15
VisualStudioVersion = 15.0.27428.2002
MinimumVisualStudioVersion = 10.0.40219.1
Project("{9A19103F-16F7-4668-BE54-9A1E7A4F7556}") = "Proof of Concept DevOps Project", "Proof of Concept DevOps Project\Proof of Concept DevOps Project.csproj", "{A1E17A75-B6F2-4AAA-9CE1-C3EC1089FAB0}"
EndProject
Project("{9A19103F-16F7-4668-BE54-9A1E7A4F7556}") = "WebApi", "WebApplication1\WebApi.csproj", "{93AEEA75-7B4C-4BFD-BB18-2F1DA21A9D49}"
EndProject
Global
	GlobalSection(SolutionConfigurationPlatforms) = preSolution
		Debug|Any CPU = Debug|Any CPU
		Release|Any CPU = Release|Any CPU
	EndGlobalSection
	GlobalSection(ProjectConfigurationPlatforms) = postSolution
		{A1E17A75-B6F2-4AAA-9CE1-C3EC1089FAB0}.Debug|Any CPU.ActiveCfg = Debug|Any CPU
		{A1E17A75-B6F2-4AAA-9CE1-C3EC1089FAB0}.Debug|Any CPU.Build.0 = Debug|Any CPU
		{A1E17A75-B6F2-4AAA-9CE1-C3EC1089FAB0}.Release|Any CPU.ActiveCfg = Release|Any CPU
		{A1E17A75-B6F2-4AAA-9CE1-C3EC1089FAB0}.Release|Any CPU.Build.0 = Release|Any CPU
		{93AEEA75-7B4C-4BFD-BB18-2F1DA21A9D49}.Debug|Any CPU.ActiveCfg = Debug|Any CPU
		{93AEEA75-7B4C-4BFD-BB18-2F1DA21A9D49}.Debug|Any CPU.Build.0 = Debug|Any CPU
		{93AEEA75-7B4C-4BFD-BB18-2F1DA21A9D49}.Release|Any CPU.ActiveCfg = Release|Any CPU
		{93AEEA75-7B4C-4BFD-BB18-2F1DA21A9D49}.Release|Any CPU.Build.0 = Release|Any CPU
	EndGlobalSection
	GlobalSection(SolutionProperties) = preSolution
		HideSolutionNode = FALSE
	EndGlobalSection
	GlobalSection(ExtensibilityGlobals) = postSolution
		SolutionGuid = {D4F68AB2-5485-4C0E-8E68-DD23841B99B3}
	EndGlobalSection
EndGlobal
